// !$*UTF8*$!
{
	archiveVersion = 1;
	classes = {
	};
	objectVersion = 50;
	objects = {

/* Begin PBXBuildFile section */
		04545ED92441FE440089C95F /* AppDelegate.swift in Sources */ = {isa = PBXBuildFile; fileRef = 04545ED82441FE440089C95F /* AppDelegate.swift */; };
		04545EDB2441FE440089C95F /* SceneDelegate.swift in Sources */ = {isa = PBXBuildFile; fileRef = 04545EDA2441FE440089C95F /* SceneDelegate.swift */; };
		04545EDD2441FE440089C95F /* ViewController.swift in Sources */ = {isa = PBXBuildFile; fileRef = 04545EDC2441FE440089C95F /* ViewController.swift */; };
		04545EE02441FE440089C95F /* Main.storyboard in Resources */ = {isa = PBXBuildFile; fileRef = 04545EDE2441FE440089C95F /* Main.storyboard */; };
		04545EE22441FE470089C95F /* Assets.xcassets in Resources */ = {isa = PBXBuildFile; fileRef = 04545EE12441FE470089C95F /* Assets.xcassets */; };
		04545EE52441FE470089C95F /* LaunchScreen.storyboard in Resources */ = {isa = PBXBuildFile; fileRef = 04545EE32441FE470089C95F /* LaunchScreen.storyboard */; };
		04545F09244200AD0089C95F /* LoaderFramework.framework in Frameworks */ = {isa = PBXBuildFile; fileRef = 04545F07244200860089C95F /* LoaderFramework.framework */; };
		04545F0A244200AD0089C95F /* LoaderFramework.framework in Embed Frameworks */ = {isa = PBXBuildFile; fileRef = 04545F07244200860089C95F /* LoaderFramework.framework */; settings = {ATTRIBUTES = (CodeSignOnCopy, RemoveHeadersOnCopy, ); }; };
/* End PBXBuildFile section */

/* Begin PBXContainerItemProxy section */
		04545F06244200860089C95F /* PBXContainerItemProxy */ = {
			isa = PBXContainerItemProxy;
			containerPortal = 04545F02244200860089C95F /* LoaderFramework.xcodeproj */;
			proxyType = 2;
			remoteGlobalIDString = 04545EF6244200130089C95F;
			remoteInfo = LoaderFramework;
		};
		04545F0C244200D40089C95F /* PBXContainerItemProxy */ = {
			isa = PBXContainerItemProxy;
			containerPortal = 04545F02244200860089C95F /* LoaderFramework.xcodeproj */;
			proxyType = 1;
			remoteGlobalIDString = 04545EF5244200130089C95F;
			remoteInfo = LoaderFramework;
		};
/* End PBXContainerItemProxy section */

/* Begin PBXCopyFilesBuildPhase section */
		04545F0B244200AD0089C95F /* Embed Frameworks */ = {
			isa = PBXCopyFilesBuildPhase;
			buildActionMask = 2147483647;
			dstPath = "";
			dstSubfolderSpec = 10;
			files = (
				04545F0A244200AD0089C95F /* LoaderFramework.framework in Embed Frameworks */,
			);
			name = "Embed Frameworks";
			runOnlyForDeploymentPostprocessing = 0;
		};
/* End PBXCopyFilesBuildPhase section */

/* Begin PBXFileReference section */
		04545ED52441FE440089C95F /* Loader.app */ = {isa = PBXFileReference; explicitFileType = wrapper.application; includeInIndex = 0; path = Loader.app; sourceTree = BUILT_PRODUCTS_DIR; };
		04545ED82441FE440089C95F /* AppDelegate.swift */ = {isa = PBXFileReference; lastKnownFileType = sourcecode.swift; path = AppDelegate.swift; sourceTree = "<group>"; };
		04545EDA2441FE440089C95F /* SceneDelegate.swift */ = {isa = PBXFileReference; lastKnownFileType = sourcecode.swift; path = SceneDelegate.swift; sourceTree = "<group>"; };
		04545EDC2441FE440089C95F /* ViewController.swift */ = {isa = PBXFileReference; lastKnownFileType = sourcecode.swift; path = ViewController.swift; sourceTree = "<group>"; };
		04545EDF2441FE440089C95F /* Base */ = {isa = PBXFileReference; lastKnownFileType = file.storyboard; name = Base; path = Base.lproj/Main.storyboard; sourceTree = "<group>"; };
		04545EE12441FE470089C95F /* Assets.xcassets */ = {isa = PBXFileReference; lastKnownFileType = folder.assetcatalog; path = Assets.xcassets; sourceTree = "<group>"; };
		04545EE42441FE470089C95F /* Base */ = {isa = PBXFileReference; lastKnownFileType = file.storyboard; name = Base; path = Base.lproj/LaunchScreen.storyboard; sourceTree = "<group>"; };
		04545EE62441FE470089C95F /* Info.plist */ = {isa = PBXFileReference; lastKnownFileType = text.plist.xml; path = Info.plist; sourceTree = "<group>"; };
		04545F02244200860089C95F /* LoaderFramework.xcodeproj */ = {isa = PBXFileReference; lastKnownFileType = "wrapper.pb-project"; path = LoaderFramework.xcodeproj; sourceTree = SOURCE_ROOT; };
/* End PBXFileReference section */

/* Begin PBXFrameworksBuildPhase section */
		04545ED22441FE440089C95F /* Frameworks */ = {
			isa = PBXFrameworksBuildPhase;
			buildActionMask = 2147483647;
			files = (
				04545F09244200AD0089C95F /* LoaderFramework.framework in Frameworks */,
			);
			runOnlyForDeploymentPostprocessing = 0;
		};
/* End PBXFrameworksBuildPhase section */

/* Begin PBXGroup section */
		04545ECC2441FE440089C95F = {
			isa = PBXGroup;
			children = (
				04545ED72441FE440089C95F /* Loader */,
				04545ED62441FE440089C95F /* Products */,
				04545F08244200AD0089C95F /* Frameworks */,
			);
			sourceTree = "<group>";
		};
		04545ED62441FE440089C95F /* Products */ = {
			isa = PBXGroup;
			children = (
				04545ED52441FE440089C95F /* Loader.app */,
			);
			name = Products;
			sourceTree = "<group>";
		};
		04545ED72441FE440089C95F /* Loader */ = {
			isa = PBXGroup;
			children = (
				04545ED82441FE440089C95F /* AppDelegate.swift */,
				04545EDA2441FE440089C95F /* SceneDelegate.swift */,
				04545EDC2441FE440089C95F /* ViewController.swift */,
				04545EDE2441FE440089C95F /* Main.storyboard */,
				04545EE12441FE470089C95F /* Assets.xcassets */,
				04545EE32441FE470089C95F /* LaunchScreen.storyboard */,
				04545EE62441FE470089C95F /* Info.plist */,
				04545F01244200430089C95F /* Frameworks */,
			);
			path = Loader;
			sourceTree = "<group>";
		};
		04545F01244200430089C95F /* Frameworks */ = {
			isa = PBXGroup;
			children = (
				04545F02244200860089C95F /* LoaderFramework.xcodeproj */,
			);
			name = Frameworks;
			sourceTree = "<group>";
		};
		04545F03244200860089C95F /* Products */ = {
			isa = PBXGroup;
			children = (
				04545F07244200860089C95F /* LoaderFramework.framework */,
			);
			name = Products;
			sourceTree = "<group>";
		};
		04545F08244200AD0089C95F /* Frameworks */ = {
			isa = PBXGroup;
			children = (
			);
			name = Frameworks;
			sourceTree = "<group>";
		};
/* End PBXGroup section */

/* Begin PBXNativeTarget section */
		04545ED42441FE440089C95F /* Loader */ = {
			isa = PBXNativeTarget;
			buildConfigurationList = 04545EE92441FE470089C95F /* Build configuration list for PBXNativeTarget "Loader" */;
			buildPhases = (
				04545ED12441FE440089C95F /* Sources */,
				04545ED22441FE440089C95F /* Frameworks */,
				04545ED32441FE440089C95F /* Resources */,
				04545F0B244200AD0089C95F /* Embed Frameworks */,
			);
			buildRules = (
			);
			dependencies = (
				04545F0D244200D40089C95F /* PBXTargetDependency */,
			);
			name = Loader;
			productName = Loader;
			productReference = 04545ED52441FE440089C95F /* Loader.app */;
			productType = "com.apple.product-type.application";
		};
/* End PBXNativeTarget section */

/* Begin PBXProject section */
		04545ECD2441FE440089C95F /* Project object */ = {
			isa = PBXProject;
			attributes = {
				LastSwiftUpdateCheck = 1140;
				LastUpgradeCheck = 1140;
				ORGANIZATIONNAME = "FGT MAC";
				TargetAttributes = {
					04545ED42441FE440089C95F = {
						CreatedOnToolsVersion = 11.4;
					};
				};
			};
			buildConfigurationList = 04545ED02441FE440089C95F /* Build configuration list for PBXProject "Loader" */;
			compatibilityVersion = "Xcode 9.3";
			developmentRegion = en;
			hasScannedForEncodings = 0;
			knownRegions = (
				en,
				Base,
			);
			mainGroup = 04545ECC2441FE440089C95F;
			productRefGroup = 04545ED62441FE440089C95F /* Products */;
			projectDirPath = "";
			projectReferences = (
				{
					ProductGroup = 04545F03244200860089C95F /* Products */;
					ProjectRef = 04545F02244200860089C95F /* LoaderFramework.xcodeproj */;
				},
			);
			projectRoot = "";
			targets = (
				04545ED42441FE440089C95F /* Loader */,
			);
		};
/* End PBXProject section */

/* Begin PBXReferenceProxy section */
		04545F07244200860089C95F /* LoaderFramework.framework */ = {
			isa = PBXReferenceProxy;
			fileType = wrapper.framework;
			path = LoaderFramework.framework;
			remoteRef = 04545F06244200860089C95F /* PBXContainerItemProxy */;
			sourceTree = BUILT_PRODUCTS_DIR;
		};
/* End PBXReferenceProxy section */

/* Begin PBXResourcesBuildPhase section */
		04545ED32441FE440089C95F /* Resources */ = {
			isa = PBXResourcesBuildPhase;
			buildActionMask = 2147483647;
			files = (
				04545EE52441FE470089C95F /* LaunchScreen.storyboard in Resources */,
				04545EE22441FE470089C95F /* Assets.xcassets in Resources */,
				04545EE02441FE440089C95F /* Main.storyboard in Resources */,
			);
			runOnlyForDeploymentPostprocessing = 0;
		};
/* End PBXResourcesBuildPhase section */

/* Begin PBXSourcesBuildPhase section */
		04545ED12441FE440089C95F /* Sources */ = {
			isa = PBXSourcesBuildPhase;
			buildActionMask = 2147483647;
			files = (
				04545EDD2441FE440089C95F /* ViewController.swift in Sources */,
				04545ED92441FE440089C95F /* AppDelegate.swift in Sources */,
				04545EDB2441FE440089C95F /* SceneDelegate.swift in Sources */,
			);
			runOnlyForDeploymentPostprocessing = 0;
		};
/* End PBXSourcesBuildPhase section */

/* Begin PBXTargetDependency section */
		04545F0D244200D40089C95F /* PBXTargetDependency */ = {
			isa = PBXTargetDependency;
			name = LoaderFramework;
			targetProxy = 04545F0C244200D40089C95F /* PBXContainerItemProxy */;
		};
/* End PBXTargetDependency section */

/* Begin PBXVariantGroup section */
		04545EDE2441FE440089C95F /* Main.storyboard */ = {
			isa = PBXVariantGroup;
			children = (
				04545EDF2441FE440089C95F /* Base */,
			);
			name = Main.storyboard;
			sourceTree = "<group>";
		};
		04545EE32441FE470089C95F /* LaunchScreen.storyboard */ = {
			isa = PBXVariantGroup;
			children = (
				04545EE42441FE470089C95F /* Base */,
			);
			name = LaunchScreen.storyboard;
			sourceTree = "<group>";
		};
/* End PBXVariantGroup section */

/* Begin XCBuildConfiguration section */
		04545EE72441FE470089C95F /* Debug */ = {
			isa = XCBuildConfiguration;
			buildSettings = {
				ALWAYS_SEARCH_USER_PATHS = NO;
				CLANG_ANALYZER_NONNULL = YES;
				CLANG_ANALYZER_NUMBER_OBJECT_CONVERSION = YES_AGGRESSIVE;
				CLANG_CXX_LANGUAGE_STANDARD = "gnu++14";
				CLANG_CXX_LIBRARY = "libc++";
				CLANG_ENABLE_MODULES = YES;
				CLANG_ENABLE_OBJC_ARC = YES;
				CLANG_ENABLE_OBJC_WEAK = YES;
				CLANG_WARN_BLOCK_CAPTURE_AUTORELEASING = YES;
				CLANG_WARN_BOOL_CONVERSION = YES;
				CLANG_WARN_COMMA = YES;
				CLANG_WARN_CONSTANT_CONVERSION = YES;
				CLANG_WARN_DEPRECATED_OBJC_IMPLEMENTATIONS = YES;
				CLANG_WARN_DIRECT_OBJC_ISA_USAGE = YES_ERROR;
				CLANG_WARN_DOCUMENTATION_COMMENTS = YES;
				CLANG_WARN_EMPTY_BODY = YES;
				CLANG_WARN_ENUM_CONVERSION = YES;
				CLANG_WARN_INFINITE_RECURSION = YES;
				CLANG_WARN_INT_CONVERSION = YES;
				CLANG_WARN_NON_LITERAL_NULL_CONVERSION = YES;
				CLANG_WARN_OBJC_IMPLICIT_RETAIN_SELF = YES;
				CLANG_WARN_OBJC_LITERAL_CONVERSION = YES;
				CLANG_WARN_OBJC_ROOT_CLASS = YES_ERROR;
				CLANG_WARN_RANGE_LOOP_ANALYSIS = YES;
				CLANG_WARN_STRICT_PROTOTYPES = YES;
				CLANG_WARN_SUSPICIOUS_MOVE = YES;
				CLANG_WARN_UNGUARDED_AVAILABILITY = YES_AGGRESSIVE;
				CLANG_WARN_UNREACHABLE_CODE = YES;
				CLANG_WARN__DUPLICATE_METHOD_MATCH = YES;
				COPY_PHASE_STRIP = NO;
				DEBUG_INFORMATION_FORMAT = dwarf;
				ENABLE_STRICT_OBJC_MSGSEND = YES;
				ENABLE_TESTABILITY = YES;
				GCC_C_LANGUAGE_STANDARD = gnu11;
				GCC_DYNAMIC_NO_PIC = NO;
				GCC_NO_COMMON_BLOCKS = YES;
				GCC_OPTIMIZATION_LEVEL = 0;
				GCC_PREPROCESSOR_DEFINITIONS = (
					"DEBUG=1",
					"$(inherited)",
				);
				GCC_WARN_64_TO_32_BIT_CONVERSION = YES;
				GCC_WARN_ABOUT_RETURN_TYPE = YES_ERROR;
				GCC_WARN_UNDECLARED_SELECTOR = YES;
				GCC_WARN_UNINITIALIZED_AUTOS = YES_AGGRESSIVE;
				GCC_WARN_UNUSED_FUNCTION = YES;
				GCC_WARN_UNUSED_VARIABLE = YES;
				IPHONEOS_DEPLOYMENT_TARGET = 13.4;
				MTL_ENABLE_DEBUG_INFO = INCLUDE_SOURCE;
				MTL_FAST_MATH = YES;
				ONLY_ACTIVE_ARCH = YES;
				SDKROOT = iphoneos;
				SWIFT_ACTIVE_COMPILATION_CONDITIONS = DEBUG;
				SWIFT_OPTIMIZATION_LEVEL = "-Onone";
			};
			name = Debug;
		};
		04545EE82441FE470089C95F /* Release */ = {
			isa = XCBuildConfiguration;
			buildSettings = {
				ALWAYS_SEARCH_USER_PATHS = NO;
				CLANG_ANALYZER_NONNULL = YES;
				CLANG_ANALYZER_NUMBER_OBJECT_CONVERSION = YES_AGGRESSIVE;
				CLANG_CXX_LANGUAGE_STANDARD = "gnu++14";
				CLANG_CXX_LIBRARY = "libc++";
				CLANG_ENABLE_MODULES = YES;
				CLANG_ENABLE_OBJC_ARC = YES;
				CLANG_ENABLE_OBJC_WEAK = YES;
				CLANG_WARN_BLOCK_CAPTURE_AUTORELEASING = YES;
				CLANG_WARN_BOOL_CONVERSION = YES;
				CLANG_WARN_COMMA = YES;
				CLANG_WARN_CONSTANT_CONVERSION = YES;
				CLANG_WARN_DEPRECATED_OBJC_IMPLEMENTATIONS = YES;
				CLANG_WARN_DIRECT_OBJC_ISA_USAGE = YES_ERROR;
				CLANG_WARN_DOCUMENTATION_COMMENTS = YES;
				CLANG_WARN_EMPTY_BODY = YES;
				CLANG_WARN_ENUM_CONVERSION = YES;
				CLANG_WARN_INFINITE_RECURSION = YES;
				CLANG_WARN_INT_CONVERSION = YES;
				CLANG_WARN_NON_LITERAL_NULL_CONVERSION = YES;
				CLANG_WARN_OBJC_IMPLICIT_RETAIN_SELF = YES;
				CLANG_WARN_OBJC_LITERAL_CONVERSION = YES;
				CLANG_WARN_OBJC_ROOT_CLASS = YES_ERROR;
				CLANG_WARN_RANGE_LOOP_ANALYSIS = YES;
				CLANG_WARN_STRICT_PROTOTYPES = YES;
				CLANG_WARN_SUSPICIOUS_MOVE = YES;
				CLANG_WARN_UNGUARDED_AVAILABILITY = YES_AGGRESSIVE;
				CLANG_WARN_UNREACHABLE_CODE = YES;
				CLANG_WARN__DUPLICATE_METHOD_MATCH = YES;
				COPY_PHASE_STRIP = NO;
				DEBUG_INFORMATION_FORMAT = "dwarf-with-dsym";
				ENABLE_NS_ASSERTIONS = NO;
				ENABLE_STRICT_OBJC_MSGSEND = YES;
				GCC_C_LANGUAGE_STANDARD = gnu11;
				GCC_NO_COMMON_BLOCKS = YES;
				GCC_WARN_64_TO_32_BIT_CONVERSION = YES;
				GCC_WARN_ABOUT_RETURN_TYPE = YES_ERROR;
				GCC_WARN_UNDECLARED_SELECTOR = YES;
				GCC_WARN_UNINITIALIZED_AUTOS = YES_AGGRESSIVE;
				GCC_WARN_UNUSED_FUNCTION = YES;
				GCC_WARN_UNUSED_VARIABLE = YES;
				IPHONEOS_DEPLOYMENT_TARGET = 13.4;
				MTL_ENABLE_DEBUG_INFO = NO;
				MTL_FAST_MATH = YES;
				SDKROOT = iphoneos;
				SWIFT_COMPILATION_MODE = wholemodule;
				SWIFT_OPTIMIZATION_LEVEL = "-O";
				VALIDATE_PRODUCT = YES;
			};
			name = Release;
		};
		04545EEA2441FE470089C95F /* Debug */ = {
			isa = XCBuildConfiguration;
			buildSettings = {
				ASSETCATALOG_COMPILER_APPICON_NAME = AppIcon;
				CODE_SIGN_STYLE = Automatic;
				DEVELOPMENT_TEAM = N3P8URX7UV;
				INFOPLIST_FILE = Loader/Info.plist;
				LD_RUNPATH_SEARCH_PATHS = (
					"$(inherited)",
					"@executable_path/Frameworks",
				);
				PRODUCT_BUNDLE_IDENTIFIER = com.productions.fritzgt.Loader;
				PRODUCT_NAME = "$(TARGET_NAME)";
				SWIFT_VERSION = 5.0;
				TARGETED_DEVICE_FAMILY = "1,2";
			};
			name = Debug;
		};
		04545EEB2441FE470089C95F /* Release */ = {
			isa = XCBuildConfiguration;
			buildSettings = {
				ASSETCATALOG_COMPILER_APPICON_NAME = AppIcon;
				CODE_SIGN_STYLE = Automatic;
				DEVELOPMENT_TEAM = N3P8URX7UV;
				INFOPLIST_FILE = Loader/Info.plist;
				LD_RUNPATH_SEARCH_PATHS = (
					"$(inherited)",
					"@executable_path/Frameworks",
				);
				PRODUCT_BUNDLE_IDENTIFIER = com.productions.fritzgt.Loader;
				PRODUCT_NAME = "$(TARGET_NAME)";
				SWIFT_VERSION = 5.0;
				TARGETED_DEVICE_FAMILY = "1,2";
			};
			name = Release;
		};
/* End XCBuildConfiguration section */

/* Begin XCConfigurationList section */
		04545ED02441FE440089C95F /* Build configuration list for PBXProject "Loader" */ = {
			isa = XCConfigurationList;
			buildConfigurations = (
				04545EE72441FE470089C95F /* Debug */,
				04545EE82441FE470089C95F /* Release */,
			);
			defaultConfigurationIsVisible = 0;
			defaultConfigurationName = Release;
		};
		04545EE92441FE470089C95F /* Build configuration list for PBXNativeTarget "Loader" */ = {
			isa = XCConfigurationList;
			buildConfigurations = (
				04545EEA2441FE470089C95F /* Debug */,
				04545EEB2441FE470089C95F /* Release */,
			);
			defaultConfigurationIsVisible = 0;
			defaultConfigurationName = Release;
		};
/* End XCConfigurationList section */
	};
	rootObject = 04545ECD2441FE440089C95F /* Project object */;
}
